// !$*UTF8*$!
{
	archiveVersion = 1;
	classes = {
	};
	objectVersion = 46;
	objects = {

/* Begin PBXBuildFile section */
		85AEC9382034A5BC002D02D1 /* PaginaCuatroController.swift in Sources */ = {isa = PBXBuildFile; fileRef = 85AEC9372034A5BC002D02D1 /* PaginaCuatroController.swift */; };
		85AEC93A2034A631002D02D1 /* PaginaCincoController.swift in Sources */ = {isa = PBXBuildFile; fileRef = 85AEC9392034A631002D02D1 /* PaginaCincoController.swift */; };
		85AEC93C2034A642002D02D1 /* PaginaSeisController.swift in Sources */ = {isa = PBXBuildFile; fileRef = 85AEC93B2034A642002D02D1 /* PaginaSeisController.swift */; };
		85AEC93E2034A64E002D02D1 /* PaginaSieteController.swift in Sources */ = {isa = PBXBuildFile; fileRef = 85AEC93D2034A64E002D02D1 /* PaginaSieteController.swift */; };
		85AEC9402034A65F002D02D1 /* PaginaOchoController.swift in Sources */ = {isa = PBXBuildFile; fileRef = 85AEC93F2034A65F002D02D1 /* PaginaOchoController.swift */; };
		85AEC9422034A66E002D02D1 /* PaginaNueveController.swift in Sources */ = {isa = PBXBuildFile; fileRef = 85AEC9412034A66E002D02D1 /* PaginaNueveController.swift */; };
		85AEC9442034A687002D02D1 /* PaginaDiezController.swift in Sources */ = {isa = PBXBuildFile; fileRef = 85AEC9432034A687002D02D1 /* PaginaDiezController.swift */; };
		85AEC9462034A696002D02D1 /* PaginaOnceController.swift in Sources */ = {isa = PBXBuildFile; fileRef = 85AEC9452034A696002D02D1 /* PaginaOnceController.swift */; };
		85AEC9482034A6A2002D02D1 /* PaginaDoceController.swift in Sources */ = {isa = PBXBuildFile; fileRef = 85AEC9472034A6A2002D02D1 /* PaginaDoceController.swift */; };
		85AEC94A2034A70C002D02D1 /* PaginaCuatro.xib in Resources */ = {isa = PBXBuildFile; fileRef = 85AEC9492034A70C002D02D1 /* PaginaCuatro.xib */; };
		85AEC94C2034A77C002D02D1 /* PaginaCinco.xib in Resources */ = {isa = PBXBuildFile; fileRef = 85AEC94B2034A77C002D02D1 /* PaginaCinco.xib */; };
		85AEC94E2034A788002D02D1 /* PaginaSeis.xib in Resources */ = {isa = PBXBuildFile; fileRef = 85AEC94D2034A788002D02D1 /* PaginaSeis.xib */; };
		85AEC9502034A791002D02D1 /* PaginaSiete.xib in Resources */ = {isa = PBXBuildFile; fileRef = 85AEC94F2034A791002D02D1 /* PaginaSiete.xib */; };
		85AEC9522034A79C002D02D1 /* PaginaOcho.xib in Resources */ = {isa = PBXBuildFile; fileRef = 85AEC9512034A79C002D02D1 /* PaginaOcho.xib */; };
		85AEC9542034A7AE002D02D1 /* PaginaNueve.xib in Resources */ = {isa = PBXBuildFile; fileRef = 85AEC9532034A7AE002D02D1 /* PaginaNueve.xib */; };
		85AEC9562034A7BF002D02D1 /* PaginaDiez.xib in Resources */ = {isa = PBXBuildFile; fileRef = 85AEC9552034A7BF002D02D1 /* PaginaDiez.xib */; };
		85AEC9582034A7D1002D02D1 /* PaginaOnce.xib in Resources */ = {isa = PBXBuildFile; fileRef = 85AEC9572034A7D1002D02D1 /* PaginaOnce.xib */; };
		85AEC95A2034A7E9002D02D1 /* PaginaDoce.xib in Resources */ = {isa = PBXBuildFile; fileRef = 85AEC9592034A7E9002D02D1 /* PaginaDoce.xib */; };
		85F3324E202F5D52004B44F1 /* AppDelegate.swift in Sources */ = {isa = PBXBuildFile; fileRef = 85F3324D202F5D52004B44F1 /* AppDelegate.swift */; };
		85F33250202F5D52004B44F1 /* ViewController.swift in Sources */ = {isa = PBXBuildFile; fileRef = 85F3324F202F5D52004B44F1 /* ViewController.swift */; };
		85F33253202F5D52004B44F1 /* Main.storyboard in Resources */ = {isa = PBXBuildFile; fileRef = 85F33251202F5D52004B44F1 /* Main.storyboard */; };
		85F33255202F5D52004B44F1 /* Assets.xcassets in Resources */ = {isa = PBXBuildFile; fileRef = 85F33254202F5D52004B44F1 /* Assets.xcassets */; };
		85F33258202F5D52004B44F1 /* LaunchScreen.storyboard in Resources */ = {isa = PBXBuildFile; fileRef = 85F33256202F5D52004B44F1 /* LaunchScreen.storyboard */; };
		85F33263202F5D53004B44F1 /* cuentoQuizaNoTanInfantilTests.swift in Sources */ = {isa = PBXBuildFile; fileRef = 85F33262202F5D53004B44F1 /* cuentoQuizaNoTanInfantilTests.swift */; };
		85F3326E202F5D53004B44F1 /* cuentoQuizaNoTanInfantilUITests.swift in Sources */ = {isa = PBXBuildFile; fileRef = 85F3326D202F5D53004B44F1 /* cuentoQuizaNoTanInfantilUITests.swift */; };
		85F3327C202F5FCA004B44F1 /* PaginaUno.xib in Resources */ = {isa = PBXBuildFile; fileRef = 85F3327B202F5FCA004B44F1 /* PaginaUno.xib */; };
		85F3327E202F6065004B44F1 /* PaginaUnoController.swift in Sources */ = {isa = PBXBuildFile; fileRef = 85F3327D202F6065004B44F1 /* PaginaUnoController.swift */; };
		85F33283202F79DB004B44F1 /* Pagina.swift in Sources */ = {isa = PBXBuildFile; fileRef = 85F33282202F79DB004B44F1 /* Pagina.swift */; };
		85F33285202F7E38004B44F1 /* PaginaDos.xib in Resources */ = {isa = PBXBuildFile; fileRef = 85F33284202F7E38004B44F1 /* PaginaDos.xib */; };
		85F33287202F81DF004B44F1 /* PaginaDosController.swift in Sources */ = {isa = PBXBuildFile; fileRef = 85F33286202F81DF004B44F1 /* PaginaDosController.swift */; };
		85F33289202F871C004B44F1 /* PaginaTres.xib in Resources */ = {isa = PBXBuildFile; fileRef = 85F33288202F871C004B44F1 /* PaginaTres.xib */; };
		85F3328B202F8B07004B44F1 /* PaginaTresController.swift in Sources */ = {isa = PBXBuildFile; fileRef = 85F3328A202F8B07004B44F1 /* PaginaTresController.swift */; };
/* End PBXBuildFile section */

/* Begin PBXContainerItemProxy section */
		85F3325F202F5D52004B44F1 /* PBXContainerItemProxy */ = {
			isa = PBXContainerItemProxy;
			containerPortal = 85F33242202F5D52004B44F1 /* Project object */;
			proxyType = 1;
			remoteGlobalIDString = 85F33249202F5D52004B44F1;
			remoteInfo = cuentoQuizaNoTanInfantil;
		};
		85F3326A202F5D53004B44F1 /* PBXContainerItemProxy */ = {
			isa = PBXContainerItemProxy;
			containerPortal = 85F33242202F5D52004B44F1 /* Project object */;
			proxyType = 1;
			remoteGlobalIDString = 85F33249202F5D52004B44F1;
			remoteInfo = cuentoQuizaNoTanInfantil;
		};
/* End PBXContainerItemProxy section */

/* Begin PBXFileReference section */
		85AEC9372034A5BC002D02D1 /* PaginaCuatroController.swift */ = {isa = PBXFileReference; fileEncoding = 4; lastKnownFileType = sourcecode.swift; path = PaginaCuatroController.swift; sourceTree = "<group>"; };
		85AEC9392034A631002D02D1 /* PaginaCincoController.swift */ = {isa = PBXFileReference; fileEncoding = 4; lastKnownFileType = sourcecode.swift; path = PaginaCincoController.swift; sourceTree = "<group>"; };
		85AEC93B2034A642002D02D1 /* PaginaSeisController.swift */ = {isa = PBXFileReference; fileEncoding = 4; lastKnownFileType = sourcecode.swift; path = PaginaSeisController.swift; sourceTree = "<group>"; };
		85AEC93D2034A64E002D02D1 /* PaginaSieteController.swift */ = {isa = PBXFileReference; fileEncoding = 4; lastKnownFileType = sourcecode.swift; path = PaginaSieteController.swift; sourceTree = "<group>"; };
		85AEC93F2034A65F002D02D1 /* PaginaOchoController.swift */ = {isa = PBXFileReference; fileEncoding = 4; lastKnownFileType = sourcecode.swift; path = PaginaOchoController.swift; sourceTree = "<group>"; };
		85AEC9412034A66E002D02D1 /* PaginaNueveController.swift */ = {isa = PBXFileReference; fileEncoding = 4; lastKnownFileType = sourcecode.swift; path = PaginaNueveController.swift; sourceTree = "<group>"; };
		85AEC9432034A687002D02D1 /* PaginaDiezController.swift */ = {isa = PBXFileReference; fileEncoding = 4; lastKnownFileType = sourcecode.swift; path = PaginaDiezController.swift; sourceTree = "<group>"; };
		85AEC9452034A696002D02D1 /* PaginaOnceController.swift */ = {isa = PBXFileReference; fileEncoding = 4; lastKnownFileType = sourcecode.swift; path = PaginaOnceController.swift; sourceTree = "<group>"; };
		85AEC9472034A6A2002D02D1 /* PaginaDoceController.swift */ = {isa = PBXFileReference; fileEncoding = 4; lastKnownFileType = sourcecode.swift; path = PaginaDoceController.swift; sourceTree = "<group>"; };
		85AEC9492034A70C002D02D1 /* PaginaCuatro.xib */ = {isa = PBXFileReference; fileEncoding = 4; lastKnownFileType = file.xib; path = PaginaCuatro.xib; sourceTree = "<group>"; };
		85AEC94B2034A77C002D02D1 /* PaginaCinco.xib */ = {isa = PBXFileReference; fileEncoding = 4; lastKnownFileType = file.xib; path = PaginaCinco.xib; sourceTree = "<group>"; };
		85AEC94D2034A788002D02D1 /* PaginaSeis.xib */ = {isa = PBXFileReference; fileEncoding = 4; lastKnownFileType = file.xib; path = PaginaSeis.xib; sourceTree = "<group>"; };
		85AEC94F2034A791002D02D1 /* PaginaSiete.xib */ = {isa = PBXFileReference; fileEncoding = 4; lastKnownFileType = file.xib; path = PaginaSiete.xib; sourceTree = "<group>"; };
		85AEC9512034A79C002D02D1 /* PaginaOcho.xib */ = {isa = PBXFileReference; fileEncoding = 4; lastKnownFileType = file.xib; path = PaginaOcho.xib; sourceTree = "<group>"; };
		85AEC9532034A7AE002D02D1 /* PaginaNueve.xib */ = {isa = PBXFileReference; fileEncoding = 4; lastKnownFileType = file.xib; path = PaginaNueve.xib; sourceTree = "<group>"; };
		85AEC9552034A7BF002D02D1 /* PaginaDiez.xib */ = {isa = PBXFileReference; fileEncoding = 4; lastKnownFileType = file.xib; path = PaginaDiez.xib; sourceTree = "<group>"; };
		85AEC9572034A7D1002D02D1 /* PaginaOnce.xib */ = {isa = PBXFileReference; fileEncoding = 4; lastKnownFileType = file.xib; path = PaginaOnce.xib; sourceTree = "<group>"; };
		85AEC9592034A7E9002D02D1 /* PaginaDoce.xib */ = {isa = PBXFileReference; fileEncoding = 4; lastKnownFileType = file.xib; path = PaginaDoce.xib; sourceTree = "<group>"; };
		85F3324A202F5D52004B44F1 /* cuentoQuizaNoTanInfantil.app */ = {isa = PBXFileReference; explicitFileType = wrapper.application; includeInIndex = 0; path = cuentoQuizaNoTanInfantil.app; sourceTree = BUILT_PRODUCTS_DIR; };
		85F3324D202F5D52004B44F1 /* AppDelegate.swift */ = {isa = PBXFileReference; lastKnownFileType = sourcecode.swift; path = AppDelegate.swift; sourceTree = "<group>"; };
		85F3324F202F5D52004B44F1 /* ViewController.swift */ = {isa = PBXFileReference; lastKnownFileType = sourcecode.swift; path = ViewController.swift; sourceTree = "<group>"; };
		85F33252202F5D52004B44F1 /* Base */ = {isa = PBXFileReference; lastKnownFileType = file.storyboard; name = Base; path = Base.lproj/Main.storyboard; sourceTree = "<group>"; };
		85F33254202F5D52004B44F1 /* Assets.xcassets */ = {isa = PBXFileReference; lastKnownFileType = folder.assetcatalog; path = Assets.xcassets; sourceTree = "<group>"; };
		85F33257202F5D52004B44F1 /* Base */ = {isa = PBXFileReference; lastKnownFileType = file.storyboard; name = Base; path = Base.lproj/LaunchScreen.storyboard; sourceTree = "<group>"; };
		85F33259202F5D52004B44F1 /* Info.plist */ = {isa = PBXFileReference; lastKnownFileType = text.plist.xml; path = Info.plist; sourceTree = "<group>"; };
		85F3325E202F5D52004B44F1 /* cuentoQuizaNoTanInfantilTests.xctest */ = {isa = PBXFileReference; explicitFileType = wrapper.cfbundle; includeInIndex = 0; path = cuentoQuizaNoTanInfantilTests.xctest; sourceTree = BUILT_PRODUCTS_DIR; };
		85F33262202F5D53004B44F1 /* cuentoQuizaNoTanInfantilTests.swift */ = {isa = PBXFileReference; lastKnownFileType = sourcecode.swift; path = cuentoQuizaNoTanInfantilTests.swift; sourceTree = "<group>"; };
		85F33264202F5D53004B44F1 /* Info.plist */ = {isa = PBXFileReference; lastKnownFileType = text.plist.xml; path = Info.plist; sourceTree = "<group>"; };
		85F33269202F5D53004B44F1 /* cuentoQuizaNoTanInfantilUITests.xctest */ = {isa = PBXFileReference; explicitFileType = wrapper.cfbundle; includeInIndex = 0; path = cuentoQuizaNoTanInfantilUITests.xctest; sourceTree = BUILT_PRODUCTS_DIR; };
		85F3326D202F5D53004B44F1 /* cuentoQuizaNoTanInfantilUITests.swift */ = {isa = PBXFileReference; lastKnownFileType = sourcecode.swift; path = cuentoQuizaNoTanInfantilUITests.swift; sourceTree = "<group>"; };
		85F3326F202F5D53004B44F1 /* Info.plist */ = {isa = PBXFileReference; lastKnownFileType = text.plist.xml; path = Info.plist; sourceTree = "<group>"; };
		85F3327B202F5FCA004B44F1 /* PaginaUno.xib */ = {isa = PBXFileReference; fileEncoding = 4; lastKnownFileType = file.xib; path = PaginaUno.xib; sourceTree = "<group>"; };
		85F3327D202F6065004B44F1 /* PaginaUnoController.swift */ = {isa = PBXFileReference; fileEncoding = 4; lastKnownFileType = sourcecode.swift; path = PaginaUnoController.swift; sourceTree = "<group>"; };
		85F33282202F79DB004B44F1 /* Pagina.swift */ = {isa = PBXFileReference; fileEncoding = 4; lastKnownFileType = sourcecode.swift; path = Pagina.swift; sourceTree = "<group>"; };
		85F33284202F7E38004B44F1 /* PaginaDos.xib */ = {isa = PBXFileReference; fileEncoding = 4; lastKnownFileType = file.xib; path = PaginaDos.xib; sourceTree = "<group>"; };
		85F33286202F81DF004B44F1 /* PaginaDosController.swift */ = {isa = PBXFileReference; fileEncoding = 4; lastKnownFileType = sourcecode.swift; path = PaginaDosController.swift; sourceTree = "<group>"; };
		85F33288202F871C004B44F1 /* PaginaTres.xib */ = {isa = PBXFileReference; fileEncoding = 4; lastKnownFileType = file.xib; path = PaginaTres.xib; sourceTree = "<group>"; };
		85F3328A202F8B07004B44F1 /* PaginaTresController.swift */ = {isa = PBXFileReference; fileEncoding = 4; lastKnownFileType = sourcecode.swift; path = PaginaTresController.swift; sourceTree = "<group>"; };
/* End PBXFileReference section */

/* Begin PBXFrameworksBuildPhase section */
		85F33247202F5D52004B44F1 /* Frameworks */ = {
			isa = PBXFrameworksBuildPhase;
			buildActionMask = 2147483647;
			files = (
			);
			runOnlyForDeploymentPostprocessing = 0;
		};
		85F3325B202F5D52004B44F1 /* Frameworks */ = {
			isa = PBXFrameworksBuildPhase;
			buildActionMask = 2147483647;
			files = (
			);
			runOnlyForDeploymentPostprocessing = 0;
		};
		85F33266202F5D53004B44F1 /* Frameworks */ = {
			isa = PBXFrameworksBuildPhase;
			buildActionMask = 2147483647;
			files = (
			);
			runOnlyForDeploymentPostprocessing = 0;
		};
/* End PBXFrameworksBuildPhase section */

/* Begin PBXGroup section */
		85F33241202F5D52004B44F1 = {
			isa = PBXGroup;
			children = (
				85F3324C202F5D52004B44F1 /* cuentoQuizaNoTanInfantil */,
				85F33261202F5D53004B44F1 /* cuentoQuizaNoTanInfantilTests */,
				85F3326C202F5D53004B44F1 /* cuentoQuizaNoTanInfantilUITests */,
				85F3324B202F5D52004B44F1 /* Products */,
			);
			sourceTree = "<group>";
		};
		85F3324B202F5D52004B44F1 /* Products */ = {
			isa = PBXGroup;
			children = (
				85F3324A202F5D52004B44F1 /* cuentoQuizaNoTanInfantil.app */,
				85F3325E202F5D52004B44F1 /* cuentoQuizaNoTanInfantilTests.xctest */,
				85F33269202F5D53004B44F1 /* cuentoQuizaNoTanInfantilUITests.xctest */,
			);
			name = Products;
			sourceTree = "<group>";
		};
		85F3324C202F5D52004B44F1 /* cuentoQuizaNoTanInfantil */ = {
			isa = PBXGroup;
			children = (
				85F33281202F79C2004B44F1 /* Item */,
				85F33280202F61CC004B44F1 /* Controladores */,
				85F3327F202F61B8004B44F1 /* Vistas */,
				85F3324D202F5D52004B44F1 /* AppDelegate.swift */,
				85F3324F202F5D52004B44F1 /* ViewController.swift */,
				85F33251202F5D52004B44F1 /* Main.storyboard */,
				85F33254202F5D52004B44F1 /* Assets.xcassets */,
				85F33256202F5D52004B44F1 /* LaunchScreen.storyboard */,
				85F33259202F5D52004B44F1 /* Info.plist */,
			);
			path = cuentoQuizaNoTanInfantil;
			sourceTree = "<group>";
		};
		85F33261202F5D53004B44F1 /* cuentoQuizaNoTanInfantilTests */ = {
			isa = PBXGroup;
			children = (
				85F33262202F5D53004B44F1 /* cuentoQuizaNoTanInfantilTests.swift */,
				85F33264202F5D53004B44F1 /* Info.plist */,
			);
			path = cuentoQuizaNoTanInfantilTests;
			sourceTree = "<group>";
		};
		85F3326C202F5D53004B44F1 /* cuentoQuizaNoTanInfantilUITests */ = {
			isa = PBXGroup;
			children = (
				85F3326D202F5D53004B44F1 /* cuentoQuizaNoTanInfantilUITests.swift */,
				85F3326F202F5D53004B44F1 /* Info.plist */,
			);
			path = cuentoQuizaNoTanInfantilUITests;
			sourceTree = "<group>";
		};
		85F3327F202F61B8004B44F1 /* Vistas */ = {
			isa = PBXGroup;
			children = (
				85F3327B202F5FCA004B44F1 /* PaginaUno.xib */,
				85F33284202F7E38004B44F1 /* PaginaDos.xib */,
				85F33288202F871C004B44F1 /* PaginaTres.xib */,
				85AEC9492034A70C002D02D1 /* PaginaCuatro.xib */,
				85AEC94B2034A77C002D02D1 /* PaginaCinco.xib */,
				85AEC94D2034A788002D02D1 /* PaginaSeis.xib */,
				85AEC94F2034A791002D02D1 /* PaginaSiete.xib */,
				85AEC9512034A79C002D02D1 /* PaginaOcho.xib */,
				85AEC9532034A7AE002D02D1 /* PaginaNueve.xib */,
				85AEC9552034A7BF002D02D1 /* PaginaDiez.xib */,
				85AEC9572034A7D1002D02D1 /* PaginaOnce.xib */,
				85AEC9592034A7E9002D02D1 /* PaginaDoce.xib */,
			);
			name = Vistas;
			sourceTree = "<group>";
		};
		85F33280202F61CC004B44F1 /* Controladores */ = {
			isa = PBXGroup;
			children = (
				85F3327D202F6065004B44F1 /* PaginaUnoController.swift */,
				85F33286202F81DF004B44F1 /* PaginaDosController.swift */,
				85F3328A202F8B07004B44F1 /* PaginaTresController.swift */,
				85AEC9372034A5BC002D02D1 /* PaginaCuatroController.swift */,
				85AEC9392034A631002D02D1 /* PaginaCincoController.swift */,
				85AEC93B2034A642002D02D1 /* PaginaSeisController.swift */,
				85AEC93D2034A64E002D02D1 /* PaginaSieteController.swift */,
				85AEC93F2034A65F002D02D1 /* PaginaOchoController.swift */,
				85AEC9412034A66E002D02D1 /* PaginaNueveController.swift */,
				85AEC9432034A687002D02D1 /* PaginaDiezController.swift */,
				85AEC9452034A696002D02D1 /* PaginaOnceController.swift */,
				85AEC9472034A6A2002D02D1 /* PaginaDoceController.swift */,
			);
			name = Controladores;
			sourceTree = "<group>";
		};
		85F33281202F79C2004B44F1 /* Item */ = {
			isa = PBXGroup;
			children = (
				85F33282202F79DB004B44F1 /* Pagina.swift */,
			);
			name = Item;
			sourceTree = "<group>";
		};
/* End PBXGroup section */

/* Begin PBXNativeTarget section */
		85F33249202F5D52004B44F1 /* cuentoQuizaNoTanInfantil */ = {
			isa = PBXNativeTarget;
			buildConfigurationList = 85F33272202F5D53004B44F1 /* Build configuration list for PBXNativeTarget "cuentoQuizaNoTanInfantil" */;
			buildPhases = (
				85F33246202F5D52004B44F1 /* Sources */,
				85F33247202F5D52004B44F1 /* Frameworks */,
				85F33248202F5D52004B44F1 /* Resources */,
			);
			buildRules = (
			);
			dependencies = (
			);
			name = cuentoQuizaNoTanInfantil;
			productName = cuentoQuizaNoTanInfantil;
			productReference = 85F3324A202F5D52004B44F1 /* cuentoQuizaNoTanInfantil.app */;
			productType = "com.apple.product-type.application";
		};
		85F3325D202F5D52004B44F1 /* cuentoQuizaNoTanInfantilTests */ = {
			isa = PBXNativeTarget;
			buildConfigurationList = 85F33275202F5D53004B44F1 /* Build configuration list for PBXNativeTarget "cuentoQuizaNoTanInfantilTests" */;
			buildPhases = (
				85F3325A202F5D52004B44F1 /* Sources */,
				85F3325B202F5D52004B44F1 /* Frameworks */,
				85F3325C202F5D52004B44F1 /* Resources */,
			);
			buildRules = (
			);
			dependencies = (
				85F33260202F5D52004B44F1 /* PBXTargetDependency */,
			);
			name = cuentoQuizaNoTanInfantilTests;
			productName = cuentoQuizaNoTanInfantilTests;
			productReference = 85F3325E202F5D52004B44F1 /* cuentoQuizaNoTanInfantilTests.xctest */;
			productType = "com.apple.product-type.bundle.unit-test";
		};
		85F33268202F5D53004B44F1 /* cuentoQuizaNoTanInfantilUITests */ = {
			isa = PBXNativeTarget;
			buildConfigurationList = 85F33278202F5D53004B44F1 /* Build configuration list for PBXNativeTarget "cuentoQuizaNoTanInfantilUITests" */;
			buildPhases = (
				85F33265202F5D53004B44F1 /* Sources */,
				85F33266202F5D53004B44F1 /* Frameworks */,
				85F33267202F5D53004B44F1 /* Resources */,
			);
			buildRules = (
			);
			dependencies = (
				85F3326B202F5D53004B44F1 /* PBXTargetDependency */,
			);
			name = cuentoQuizaNoTanInfantilUITests;
			productName = cuentoQuizaNoTanInfantilUITests;
			productReference = 85F33269202F5D53004B44F1 /* cuentoQuizaNoTanInfantilUITests.xctest */;
			productType = "com.apple.product-type.bundle.ui-testing";
		};
/* End PBXNativeTarget section */

/* Begin PBXProject section */
		85F33242202F5D52004B44F1 /* Project object */ = {
			isa = PBXProject;
			attributes = {
				LastSwiftUpdateCheck = 0820;
				LastUpgradeCheck = 0820;
				ORGANIZATIONNAME = Alumno;
				TargetAttributes = {
					85F33249202F5D52004B44F1 = {
						CreatedOnToolsVersion = 8.2;
						ProvisioningStyle = Automatic;
					};
					85F3325D202F5D52004B44F1 = {
						CreatedOnToolsVersion = 8.2;
						ProvisioningStyle = Automatic;
						TestTargetID = 85F33249202F5D52004B44F1;
					};
					85F33268202F5D53004B44F1 = {
						CreatedOnToolsVersion = 8.2;
						ProvisioningStyle = Automatic;
						TestTargetID = 85F33249202F5D52004B44F1;
					};
				};
			};
			buildConfigurationList = 85F33245202F5D52004B44F1 /* Build configuration list for PBXProject "cuentoQuizaNoTanInfantil" */;
			compatibilityVersion = "Xcode 3.2";
			developmentRegion = English;
			hasScannedForEncodings = 0;
			knownRegions = (
				en,
				Base,
			);
			mainGroup = 85F33241202F5D52004B44F1;
			productRefGroup = 85F3324B202F5D52004B44F1 /* Products */;
			projectDirPath = "";
			projectRoot = "";
			targets = (
				85F33249202F5D52004B44F1 /* cuentoQuizaNoTanInfantil */,
				85F3325D202F5D52004B44F1 /* cuentoQuizaNoTanInfantilTests */,
				85F33268202F5D53004B44F1 /* cuentoQuizaNoTanInfantilUITests */,
			);
		};
/* End PBXProject section */

/* Begin PBXResourcesBuildPhase section */
		85F33248202F5D52004B44F1 /* Resources */ = {
			isa = PBXResourcesBuildPhase;
			buildActionMask = 2147483647;
			files = (
				85F3327C202F5FCA004B44F1 /* PaginaUno.xib in Resources */,
				85AEC94A2034A70C002D02D1 /* PaginaCuatro.xib in Resources */,
				85AEC9502034A791002D02D1 /* PaginaSiete.xib in Resources */,
				85AEC94E2034A788002D02D1 /* PaginaSeis.xib in Resources */,
				85AEC95A2034A7E9002D02D1 /* PaginaDoce.xib in Resources */,
				85F33258202F5D52004B44F1 /* LaunchScreen.storyboard in Resources */,
				85F33255202F5D52004B44F1 /* Assets.xcassets in Resources */,
				85AEC94C2034A77C002D02D1 /* PaginaCinco.xib in Resources */,
				85F33285202F7E38004B44F1 /* PaginaDos.xib in Resources */,
				85F33253202F5D52004B44F1 /* Main.storyboard in Resources */,
				85F33289202F871C004B44F1 /* PaginaTres.xib in Resources */,
				85AEC9562034A7BF002D02D1 /* PaginaDiez.xib in Resources */,
				85AEC9522034A79C002D02D1 /* PaginaOcho.xib in Resources */,
				85AEC9582034A7D1002D02D1 /* PaginaOnce.xib in Resources */,
				85AEC9542034A7AE002D02D1 /* PaginaNueve.xib in Resources */,
			);
			runOnlyForDeploymentPostprocessing = 0;
		};
		85F3325C202F5D52004B44F1 /* Resources */ = {
			isa = PBXResourcesBuildPhase;
			buildActionMask = 2147483647;
			files = (
			);
			runOnlyForDeploymentPostprocessing = 0;
		};
		85F33267202F5D53004B44F1 /* Resources */ = {
			isa = PBXResourcesBuildPhase;
			buildActionMask = 2147483647;
			files = (
			);
			runOnlyForDeploymentPostprocessing = 0;
		};
/* End PBXResourcesBuildPhase section */

/* Begin PBXSourcesBuildPhase section */
		85F33246202F5D52004B44F1 /* Sources */ = {
			isa = PBXSourcesBuildPhase;
			buildActionMask = 2147483647;
			files = (
				85AEC9462034A696002D02D1 /* PaginaOnceController.swift in Sources */,
				85AEC93E2034A64E002D02D1 /* PaginaSieteController.swift in Sources */,
				85AEC9422034A66E002D02D1 /* PaginaNueveController.swift in Sources */,
				85AEC9482034A6A2002D02D1 /* PaginaDoceController.swift in Sources */,
				85F3327E202F6065004B44F1 /* PaginaUnoController.swift in Sources */,
				85AEC93C2034A642002D02D1 /* PaginaSeisController.swift in Sources */,
				85F3328B202F8B07004B44F1 /* PaginaTresController.swift in Sources */,
				85F33250202F5D52004B44F1 /* ViewController.swift in Sources */,
				85AEC9442034A687002D02D1 /* PaginaDiezController.swift in Sources */,
				85AEC9402034A65F002D02D1 /* PaginaOchoController.swift in Sources */,
				85F3324E202F5D52004B44F1 /* AppDelegate.swift in Sources */,
				85F33287202F81DF004B44F1 /* PaginaDosController.swift in Sources */,
				85AEC9382034A5BC002D02D1 /* PaginaCuatroController.swift in Sources */,
				85AEC93A2034A631002D02D1 /* PaginaCincoController.swift in Sources */,
				85F33283202F79DB004B44F1 /* Pagina.swift in Sources */,
			);
			runOnlyForDeploymentPostprocessing = 0;
		};
		85F3325A202F5D52004B44F1 /* Sources */ = {
			isa = PBXSourcesBuildPhase;
			buildActionMask = 2147483647;
			files = (
				85F33263202F5D53004B44F1 /* cuentoQuizaNoTanInfantilTests.swift in Sources */,
			);
			runOnlyForDeploymentPostprocessing = 0;
		};
		85F33265202F5D53004B44F1 /* Sources */ = {
			isa = PBXSourcesBuildPhase;
			buildActionMask = 2147483647;
			files = (
				85F3326E202F5D53004B44F1 /* cuentoQuizaNoTanInfantilUITests.swift in Sources */,
			);
			runOnlyForDeploymentPostprocessing = 0;
		};
/* End PBXSourcesBuildPhase section */

/* Begin PBXTargetDependency section */
		85F33260202F5D52004B44F1 /* PBXTargetDependency */ = {
			isa = PBXTargetDependency;
			target = 85F33249202F5D52004B44F1 /* cuentoQuizaNoTanInfantil */;
			targetProxy = 85F3325F202F5D52004B44F1 /* PBXContainerItemProxy */;
		};
		85F3326B202F5D53004B44F1 /* PBXTargetDependency */ = {
			isa = PBXTargetDependency;
			target = 85F33249202F5D52004B44F1 /* cuentoQuizaNoTanInfantil */;
			targetProxy = 85F3326A202F5D53004B44F1 /* PBXContainerItemProxy */;
		};
/* End PBXTargetDependency section */

/* Begin PBXVariantGroup section */
		85F33251202F5D52004B44F1 /* Main.storyboard */ = {
			isa = PBXVariantGroup;
			children = (
				85F33252202F5D52004B44F1 /* Base */,
			);
			name = Main.storyboard;
			sourceTree = "<group>";
		};
		85F33256202F5D52004B44F1 /* LaunchScreen.storyboard */ = {
			isa = PBXVariantGroup;
			children = (
				85F33257202F5D52004B44F1 /* Base */,
			);
			name = LaunchScreen.storyboard;
			sourceTree = "<group>";
		};
/* End PBXVariantGroup section */

/* Begin XCBuildConfiguration section */
		85F33270202F5D53004B44F1 /* Debug */ = {
			isa = XCBuildConfiguration;
			buildSettings = {
				ALWAYS_SEARCH_USER_PATHS = NO;
				CLANG_ANALYZER_NONNULL = YES;
				CLANG_CXX_LANGUAGE_STANDARD = "gnu++0x";
				CLANG_CXX_LIBRARY = "libc++";
				CLANG_ENABLE_MODULES = YES;
				CLANG_ENABLE_OBJC_ARC = YES;
				CLANG_WARN_BOOL_CONVERSION = YES;
				CLANG_WARN_CONSTANT_CONVERSION = YES;
				CLANG_WARN_DIRECT_OBJC_ISA_USAGE = YES_ERROR;
				CLANG_WARN_DOCUMENTATION_COMMENTS = YES;
				CLANG_WARN_EMPTY_BODY = YES;
				CLANG_WARN_ENUM_CONVERSION = YES;
				CLANG_WARN_INFINITE_RECURSION = YES;
				CLANG_WARN_INT_CONVERSION = YES;
				CLANG_WARN_OBJC_ROOT_CLASS = YES_ERROR;
				CLANG_WARN_SUSPICIOUS_MOVE = YES;
				CLANG_WARN_UNREACHABLE_CODE = YES;
				CLANG_WARN__DUPLICATE_METHOD_MATCH = YES;
				"CODE_SIGN_IDENTITY[sdk=iphoneos*]" = "iPhone Developer";
				COPY_PHASE_STRIP = NO;
				DEBUG_INFORMATION_FORMAT = dwarf;
				ENABLE_STRICT_OBJC_MSGSEND = YES;
				ENABLE_TESTABILITY = YES;
				GCC_C_LANGUAGE_STANDARD = gnu99;
				GCC_DYNAMIC_NO_PIC = NO;
				GCC_NO_COMMON_BLOCKS = YES;
				GCC_OPTIMIZATION_LEVEL = 0;
				GCC_PREPROCESSOR_DEFINITIONS = (
					"DEBUG=1",
					"$(inherited)",
				);
				GCC_WARN_64_TO_32_BIT_CONVERSION = YES;
				GCC_WARN_ABOUT_RETURN_TYPE = YES_ERROR;
				GCC_WARN_UNDECLARED_SELECTOR = YES;
				GCC_WARN_UNINITIALIZED_AUTOS = YES_AGGRESSIVE;
				GCC_WARN_UNUSED_FUNCTION = YES;
				GCC_WARN_UNUSED_VARIABLE = YES;
				IPHONEOS_DEPLOYMENT_TARGET = 10.2;
				MTL_ENABLE_DEBUG_INFO = YES;
				ONLY_ACTIVE_ARCH = YES;
				SDKROOT = iphoneos;
				SWIFT_ACTIVE_COMPILATION_CONDITIONS = DEBUG;
				SWIFT_OPTIMIZATION_LEVEL = "-Onone";
				TARGETED_DEVICE_FAMILY = "1,2";
			};
			name = Debug;
		};
		85F33271202F5D53004B44F1 /* Release */ = {
			isa = XCBuildConfiguration;
			buildSettings = {
				ALWAYS_SEARCH_USER_PATHS = NO;
				CLANG_ANALYZER_NONNULL = YES;
				CLANG_CXX_LANGUAGE_STANDARD = "gnu++0x";
				CLANG_CXX_LIBRARY = "libc++";
				CLANG_ENABLE_MODULES = YES;
				CLANG_ENABLE_OBJC_ARC = YES;
				CLANG_WARN_BOOL_CONVERSION = YES;
				CLANG_WARN_CONSTANT_CONVERSION = YES;
				CLANG_WARN_DIRECT_OBJC_ISA_USAGE = YES_ERROR;
				CLANG_WARN_DOCUMENTATION_COMMENTS = YES;
				CLANG_WARN_EMPTY_BODY = YES;
				CLANG_WARN_ENUM_CONVERSION = YES;
				CLANG_WARN_INFINITE_RECURSION = YES;
				CLANG_WARN_INT_CONVERSION = YES;
				CLANG_WARN_OBJC_ROOT_CLASS = YES_ERROR;
				CLANG_WARN_SUSPICIOUS_MOVE = YES;
				CLANG_WARN_UNREACHABLE_CODE = YES;
				CLANG_WARN__DUPLICATE_METHOD_MATCH = YES;
				"CODE_SIGN_IDENTITY[sdk=iphoneos*]" = "iPhone Developer";
				COPY_PHASE_STRIP = NO;
				DEBUG_INFORMATION_FORMAT = "dwarf-with-dsym";
				ENABLE_NS_ASSERTIONS = NO;
				ENABLE_STRICT_OBJC_MSGSEND = YES;
				GCC_C_LANGUAGE_STANDARD = gnu99;
				GCC_NO_COMMON_BLOCKS = YES;
				GCC_WARN_64_TO_32_BIT_CONVERSION = YES;
				GCC_WARN_ABOUT_RETURN_TYPE = YES_ERROR;
				GCC_WARN_UNDECLARED_SELECTOR = YES;
				GCC_WARN_UNINITIALIZED_AUTOS = YES_AGGRESSIVE;
				GCC_WARN_UNUSED_FUNCTION = YES;
				GCC_WARN_UNUSED_VARIABLE = YES;
				IPHONEOS_DEPLOYMENT_TARGET = 10.2;
				MTL_ENABLE_DEBUG_INFO = NO;
				SDKROOT = iphoneos;
				SWIFT_OPTIMIZATION_LEVEL = "-Owholemodule";
				TARGETED_DEVICE_FAMILY = "1,2";
				VALIDATE_PRODUCT = YES;
			};
			name = Release;
		};
		85F33273202F5D53004B44F1 /* Debug */ = {
			isa = XCBuildConfiguration;
			buildSettings = {
				ASSETCATALOG_COMPILER_APPICON_NAME = AppIcon;
				INFOPLIST_FILE = cuentoQuizaNoTanInfantil/Info.plist;
				LD_RUNPATH_SEARCH_PATHS = "$(inherited) @executable_path/Frameworks";
				PRODUCT_BUNDLE_IDENTIFIER = com.net.alumno.cuentoQuizaNoTanInfantil;
				PRODUCT_NAME = "$(TARGET_NAME)";
				SWIFT_VERSION = 3.0;
			};
			name = Debug;
		};
		85F33274202F5D53004B44F1 /* Release */ = {
			isa = XCBuildConfiguration;
			buildSettings = {
				ASSETCATALOG_COMPILER_APPICON_NAME = AppIcon;
				INFOPLIST_FILE = cuentoQuizaNoTanInfantil/Info.plist;
				LD_RUNPATH_SEARCH_PATHS = "$(inherited) @executable_path/Frameworks";
				PRODUCT_BUNDLE_IDENTIFIER = com.net.alumno.cuentoQuizaNoTanInfantil;
				PRODUCT_NAME = "$(TARGET_NAME)";
				SWIFT_VERSION = 3.0;
			};
			name = Release;
		};
		85F33276202F5D53004B44F1 /* Debug */ = {
			isa = XCBuildConfiguration;
			buildSettings = {
				ALWAYS_EMBED_SWIFT_STANDARD_LIBRARIES = YES;
				BUNDLE_LOADER = "$(TEST_HOST)";
				INFOPLIST_FILE = cuentoQuizaNoTanInfantilTests/Info.plist;
				LD_RUNPATH_SEARCH_PATHS = "$(inherited) @executable_path/Frameworks @loader_path/Frameworks";
				PRODUCT_BUNDLE_IDENTIFIER = com.net.alumno.cuentoQuizaNoTanInfantilTests;
				PRODUCT_NAME = "$(TARGET_NAME)";
				SWIFT_VERSION = 3.0;
				TEST_HOST = "$(BUILT_PRODUCTS_DIR)/cuentoQuizaNoTanInfantil.app/cuentoQuizaNoTanInfantil";
			};
			name = Debug;
		};
		85F33277202F5D53004B44F1 /* Release */ = {
			isa = XCBuildConfiguration;
			buildSettings = {
				ALWAYS_EMBED_SWIFT_STANDARD_LIBRARIES = YES;
				BUNDLE_LOADER = "$(TEST_HOST)";
				INFOPLIST_FILE = cuentoQuizaNoTanInfantilTests/Info.plist;
				LD_RUNPATH_SEARCH_PATHS = "$(inherited) @executable_path/Frameworks @loader_path/Frameworks";
				PRODUCT_BUNDLE_IDENTIFIER = com.net.alumno.cuentoQuizaNoTanInfantilTests;
				PRODUCT_NAME = "$(TARGET_NAME)";
				SWIFT_VERSION = 3.0;
				TEST_HOST = "$(BUILT_PRODUCTS_DIR)/cuentoQuizaNoTanInfantil.app/cuentoQuizaNoTanInfantil";
			};
			name = Release;
		};
		85F33279202F5D53004B44F1 /* Debug */ = {
			isa = XCBuildConfiguration;
			buildSettings = {
				ALWAYS_EMBED_SWIFT_STANDARD_LIBRARIES = YES;
				INFOPLIST_FILE = cuentoQuizaNoTanInfantilUITests/Info.plist;
				LD_RUNPATH_SEARCH_PATHS = "$(inherited) @executable_path/Frameworks @loader_path/Frameworks";
				PRODUCT_BUNDLE_IDENTIFIER = com.net.alumno.cuentoQuizaNoTanInfantilUITests;
				PRODUCT_NAME = "$(TARGET_NAME)";
				SWIFT_VERSION = 3.0;
				TEST_TARGET_NAME = cuentoQuizaNoTanInfantil;
			};
			name = Debug;
		};
		85F3327A202F5D53004B44F1 /* Release */ = {
			isa = XCBuildConfiguration;
			buildSettings = {
				ALWAYS_EMBED_SWIFT_STANDARD_LIBRARIES = YES;
				INFOPLIST_FILE = cuentoQuizaNoTanInfantilUITests/Info.plist;
				LD_RUNPATH_SEARCH_PATHS = "$(inherited) @executable_path/Frameworks @loader_path/Frameworks";
				PRODUCT_BUNDLE_IDENTIFIER = com.net.alumno.cuentoQuizaNoTanInfantilUITests;
				PRODUCT_NAME = "$(TARGET_NAME)";
				SWIFT_VERSION = 3.0;
				TEST_TARGET_NAME = cuentoQuizaNoTanInfantil;
			};
			name = Release;
		};
/* End XCBuildConfiguration section */

/* Begin XCConfigurationList section */
		85F33245202F5D52004B44F1 /* Build configuration list for PBXProject "cuentoQuizaNoTanInfantil" */ = {
			isa = XCConfigurationList;
			buildConfigurations = (
				85F33270202F5D53004B44F1 /* Debug */,
				85F33271202F5D53004B44F1 /* Release */,
			);
			defaultConfigurationIsVisible = 0;
			defaultConfigurationName = Release;
		};
		85F33272202F5D53004B44F1 /* Build configuration list for PBXNativeTarget "cuentoQuizaNoTanInfantil" */ = {
			isa = XCConfigurationList;
			buildConfigurations = (
				85F33273202F5D53004B44F1 /* Debug */,
				85F33274202F5D53004B44F1 /* Release */,
			);
			defaultConfigurationIsVisible = 0;
			defaultConfigurationName = Release;
		};
		85F33275202F5D53004B44F1 /* Build configuration list for PBXNativeTarget "cuentoQuizaNoTanInfantilTests" */ = {
			isa = XCConfigurationList;
			buildConfigurations = (
				85F33276202F5D53004B44F1 /* Debug */,
				85F33277202F5D53004B44F1 /* Release */,
			);
			defaultConfigurationIsVisible = 0;
			defaultConfigurationName = Release;
		};
		85F33278202F5D53004B44F1 /* Build configuration list for PBXNativeTarget "cuentoQuizaNoTanInfantilUITests" */ = {
			isa = XCConfigurationList;
			buildConfigurations = (
				85F33279202F5D53004B44F1 /* Debug */,
				85F3327A202F5D53004B44F1 /* Release */,
			);
			defaultConfigurationIsVisible = 0;
			defaultConfigurationName = Release;
		};
/* End XCConfigurationList section */
	};
	rootObject = 85F33242202F5D52004B44F1 /* Project object */;
}
